
Microsoft Visual Studio Solution File, Format Version 12.00
# Visual Studio Version 16
VisualStudioVersion = 16.0.34729.46
MinimumVisualStudioVersion = 10.0.40219.1
Project("{FAE04EC0-301F-11D3-BF4B-00C04F79EFBC}") = "Lab13_Repaso_2doParcial", "Lab13_Repaso_2doParcial.csproj", "{5CD3FEFA-C3CC-4EBD-9E76-941C06AA48C3}"
EndProject
Global
	GlobalSection(SolutionConfigurationPlatforms) = preSolution
		Debug|Any CPU = Debug|Any CPU
		Release|Any CPU = Release|Any CPU
	EndGlobalSection
	GlobalSection(ProjectConfigurationPlatforms) = postSolution
		{5CD3FEFA-C3CC-4EBD-9E76-941C06AA48C3}.Debug|Any CPU.ActiveCfg = Debug|Any CPU
		{5CD3FEFA-C3CC-4EBD-9E76-941C06AA48C3}.Debug|Any CPU.Build.0 = Debug|Any CPU
		{5CD3FEFA-C3CC-4EBD-9E76-941C06AA48C3}.Release|Any CPU.ActiveCfg = Release|Any CPU
		{5CD3FEFA-C3CC-4EBD-9E76-941C06AA48C3}.Release|Any CPU.Build.0 = Release|Any CPU
	EndGlobalSection
	GlobalSection(SolutionProperties) = preSolution
		HideSolutionNode = FALSE
	EndGlobalSection
	GlobalSection(ExtensibilityGlobals) = postSolution
		SolutionGuid = {3E577E61-EE5D-4188-9480-5882C6E8FE02}
	EndGlobalSection
EndGlobal
